<?xml version="1.0" encoding="utf-8"?>
<Project ToolsVersion="4.0" xmlns="http://schemas.microsoft.com/developer/msbuild/2003">
  <ItemGroup>
    <Filter Include="소스 파일">
      <UniqueIdentifier>{4FC737F1-C7A5-4376-A066-2A32D752A2FF}</UniqueIdentifier>
      <Extensions>cpp;c;cc;cxx;c++;cppm;ixx;def;odl;idl;hpj;bat;asm;asmx</Extensions>
    </Filter>
    <Filter Include="헤더 파일">
      <UniqueIdentifier>{93995380-89BD-4b04-88EB-625FBE52EBFB}</UniqueIdentifier>
      <Extensions>h;hh;hpp;hxx;h++;hm;inl;inc;ipp;xsd</Extensions>
    </Filter>
    <Filter Include="리소스 파일">
      <UniqueIdentifier>{67DA6AB6-F800-4c08-8B7A-83BB121AAD01}</UniqueIdentifier>
      <Extensions>rc;ico;cur;bmp;dlg;rc2;rct;bin;rgs;gif;jpg;jpeg;jpe;resx;tiff;tif;png;wav;mfcribbon-ms</Extensions>
    </Filter>
  </ItemGroup>
  <ItemGroup>
    <ClCompile Include="..\백준연습\세그먼트트리_1905_상자쌓기_다시볼것.cpp">
      <Filter>소스 파일</Filter>
    </ClCompile>
    <ClCompile Include="..\백준연습\세그먼트트리_2268_수들의 합.cpp">
      <Filter>소스 파일</Filter>
    </ClCompile>
    <ClCompile Include="..\백준연습\인덱스트리_10868_최솟값.cpp">
      <Filter>소스 파일</Filter>
    </ClCompile>
    <ClCompile Include="인덱스트리_11505_구간곱구하기.cpp">
      <Filter>소스 파일</Filter>
    </ClCompile>
    <ClCompile Include="..\백준연습\백준_DP_12738_가장긴증가하는부분수열3.cpp">
      <Filter>소스 파일</Filter>
    </ClCompile>
    <ClCompile Include="백준_lazy propagation_10999_구간합구하기2[다시볼것].cpp">
      <Filter>소스 파일</Filter>
    </ClCompile>
    <ClCompile Include="백준_inversion count_7578_공장[병합].cpp">
      <Filter>소스 파일</Filter>
    </ClCompile>
    <ClCompile Include="백준_inversion count_1517_버블소트.cpp">
      <Filter>소스 파일</Filter>
    </ClCompile>
    <ClCompile Include="백준_세그먼트트리_1275_커피숍2.cpp">
      <Filter>소스 파일</Filter>
    </ClCompile>
    <ClCompile Include="세그먼트트리_2243_사탕상자.cpp">
      <Filter>소스 파일</Filter>
    </ClCompile>
    <ClCompile Include="백준_bfs_10026_적록색약연습.cpp">
      <Filter>소스 파일</Filter>
    </ClCompile>
    <ClCompile Include="세그먼트트리_3653_영화수집.cpp">
      <Filter>소스 파일</Filter>
    </ClCompile>
    <ClCompile Include="백준_lazy propagation_1395_스위치.cpp">
      <Filter>소스 파일</Filter>
    </ClCompile>
    <ClCompile Include="백준_PST  로도 풀것세그먼트트리_7469_k번째수.cpp">
      <Filter>소스 파일</Filter>
    </ClCompile>
    <ClCompile Include="세그먼트트리_5676_음주코딩.cpp">
      <Filter>소스 파일</Filter>
    </ClCompile>
    <ClCompile Include="세그먼트트리_14438_수열과쿼리17.cpp">
      <Filter>소스 파일</Filter>
    </ClCompile>
    <ClCompile Include="세그먼트트리_2104_부분배열고르기.cpp">
      <Filter>소스 파일</Filter>
    </ClCompile>
    <ClCompile Include="백준_LIS_2352_반도체 설계.cpp">
      <Filter>소스 파일</Filter>
    </ClCompile>
    <ClCompile Include="백준_inversion count_1615_교차개수세기.cpp">
      <Filter>소스 파일</Filter>
    </ClCompile>
    <ClCompile Include="세그먼트트리_11658_구간합구하기3.cpp">
      <Filter>소스 파일</Filter>
    </ClCompile>
    <ClCompile Include="b_12015.cpp">
      <Filter>소스 파일</Filter>
    </ClCompile>
  </ItemGroup>
</Project>